
Microsoft Visual Studio Solution File, Format Version 12.00
# Visual Studio Version 17
VisualStudioVersion = 17.1.32421.90
MinimumVisualStudioVersion = 10.0.40219.1
Project("{FAE04EC0-301F-11D3-BF4B-00C04F79EFBC}") = "WinFormsDers1son", "WinFormsDers1son.csproj", "{4EBDBE64-FCDF-46EA-9860-87B1CFBDFFF6}"
EndProject
Global
	GlobalSection(SolutionConfigurationPlatforms) = preSolution
		Debug|Any CPU = Debug|Any CPU
		Release|Any CPU = Release|Any CPU
	EndGlobalSection
	GlobalSection(ProjectConfigurationPlatforms) = postSolution
		{4EBDBE64-FCDF-46EA-9860-87B1CFBDFFF6}.Debug|Any CPU.ActiveCfg = Debug|Any CPU
		{4EBDBE64-FCDF-46EA-9860-87B1CFBDFFF6}.Debug|Any CPU.Build.0 = Debug|Any CPU
		{4EBDBE64-FCDF-46EA-9860-87B1CFBDFFF6}.Release|Any CPU.ActiveCfg = Release|Any CPU
		{4EBDBE64-FCDF-46EA-9860-87B1CFBDFFF6}.Release|Any CPU.Build.0 = Release|Any CPU
	EndGlobalSection
	GlobalSection(SolutionProperties) = preSolution
		HideSolutionNode = FALSE
	EndGlobalSection
	GlobalSection(ExtensibilityGlobals) = postSolution
		SolutionGuid = {876F7615-44A0-4CF3-AEC2-C77EE0C99C32}
	EndGlobalSection
EndGlobal
